
Microsoft Visual Studio Solution File, Format Version 12.00
# Visual Studio Version 17
VisualStudioVersion = 17.2.32516.85
MinimumVisualStudioVersion = 10.0.40219.1
Project("{FAE04EC0-301F-11D3-BF4B-00C04F79EFBC}") = "Webshop", "Webshop\Webshop.csproj", "{149A4077-F599-4A26-85C0-4C1B08A677FA}"
EndProject
Project("{FAE04EC0-301F-11D3-BF4B-00C04F79EFBC}") = "WebshopTest", "WebshopTest\WebshopTest.csproj", "{F2F90EDD-6E65-45E7-A86A-0F26E638E2FD}"
EndProject
Global
	GlobalSection(SolutionConfigurationPlatforms) = preSolution
		Debug|Any CPU = Debug|Any CPU
		Release|Any CPU = Release|Any CPU
	EndGlobalSection
	GlobalSection(ProjectConfigurationPlatforms) = postSolution
		{149A4077-F599-4A26-85C0-4C1B08A677FA}.Debug|Any CPU.ActiveCfg = Debug|Any CPU
		{149A4077-F599-4A26-85C0-4C1B08A677FA}.Debug|Any CPU.Build.0 = Debug|Any CPU
		{149A4077-F599-4A26-85C0-4C1B08A677FA}.Release|Any CPU.ActiveCfg = Release|Any CPU
		{149A4077-F599-4A26-85C0-4C1B08A677FA}.Release|Any CPU.Build.0 = Release|Any CPU
		{F2F90EDD-6E65-45E7-A86A-0F26E638E2FD}.Debug|Any CPU.ActiveCfg = Debug|Any CPU
		{F2F90EDD-6E65-45E7-A86A-0F26E638E2FD}.Debug|Any CPU.Build.0 = Debug|Any CPU
		{F2F90EDD-6E65-45E7-A86A-0F26E638E2FD}.Release|Any CPU.ActiveCfg = Release|Any CPU
		{F2F90EDD-6E65-45E7-A86A-0F26E638E2FD}.Release|Any CPU.Build.0 = Release|Any CPU
	EndGlobalSection
	GlobalSection(SolutionProperties) = preSolution
		HideSolutionNode = FALSE
	EndGlobalSection
	GlobalSection(ExtensibilityGlobals) = postSolution
		SolutionGuid = {8A289FC5-95FB-446F-8F5F-FD943F75BF65}
	EndGlobalSection
EndGlobal
